
Microsoft Visual Studio Solution File, Format Version 12.00
# Visual Studio Version 16
VisualStudioVersion = 16.0.30804.86
MinimumVisualStudioVersion = 10.0.40219.1
Project("{9A19103F-16F7-4668-BE54-9A1E7A4F7556}") = "Exercises", "Exercises\Exercises.csproj", "{3C47D3E6-9C11-44E2-94DC-BD62887282BC}"
EndProject
Project("{FAE04EC0-301F-11D3-BF4B-00C04F79EFBC}") = "Exercises.Tests", "Exercises.Tests\Exercises.Tests.csproj", "{8AB5BE13-938A-4EC3-987E-40F8ECEE3210}"
EndProject
Global
	GlobalSection(SolutionConfigurationPlatforms) = preSolution
		Debug|Any CPU = Debug|Any CPU
		Release|Any CPU = Release|Any CPU
	EndGlobalSection
	GlobalSection(ProjectConfigurationPlatforms) = postSolution
		{3C47D3E6-9C11-44E2-94DC-BD62887282BC}.Debug|Any CPU.ActiveCfg = Debug|Any CPU
		{3C47D3E6-9C11-44E2-94DC-BD62887282BC}.Debug|Any CPU.Build.0 = Debug|Any CPU
		{3C47D3E6-9C11-44E2-94DC-BD62887282BC}.Release|Any CPU.ActiveCfg = Release|Any CPU
		{3C47D3E6-9C11-44E2-94DC-BD62887282BC}.Release|Any CPU.Build.0 = Release|Any CPU
		{8AB5BE13-938A-4EC3-987E-40F8ECEE3210}.Debug|Any CPU.ActiveCfg = Debug|Any CPU
		{8AB5BE13-938A-4EC3-987E-40F8ECEE3210}.Debug|Any CPU.Build.0 = Debug|Any CPU
		{8AB5BE13-938A-4EC3-987E-40F8ECEE3210}.Release|Any CPU.ActiveCfg = Release|Any CPU
		{8AB5BE13-938A-4EC3-987E-40F8ECEE3210}.Release|Any CPU.Build.0 = Release|Any CPU
	EndGlobalSection
	GlobalSection(SolutionProperties) = preSolution
		HideSolutionNode = FALSE
	EndGlobalSection
	GlobalSection(ExtensibilityGlobals) = postSolution
		SolutionGuid = {8C289F14-1407-45DC-B506-1005F7CD58CD}
	EndGlobalSection
EndGlobal
